
Microsoft Visual Studio Solution File, Format Version 12.00
# Visual Studio Version 17
VisualStudioVersion = 17.3.32611.2
MinimumVisualStudioVersion = 10.0.40219.1
Project("{9A19103F-16F7-4668-BE54-9A1E7A4F7556}") = "NetDesignPatternDemos", "NetDesignPatternDemos\NetDesignPatternDemos.csproj", "{62993B32-A3E1-432C-9BF7-0E0AF5EA14D8}"
EndProject
Project("{FAE04EC0-301F-11D3-BF4B-00C04F79EFBC}") = "NetDesignPatternDemosTests", "NetDesignPatternDemosTests\NetDesignPatternDemosTests.csproj", "{EF73C902-84D7-4DB6-9317-205E3F096419}"
EndProject
Global
	GlobalSection(SolutionConfigurationPlatforms) = preSolution
		Debug|Any CPU = Debug|Any CPU
		Release|Any CPU = Release|Any CPU
	EndGlobalSection
	GlobalSection(ProjectConfigurationPlatforms) = postSolution
		{62993B32-A3E1-432C-9BF7-0E0AF5EA14D8}.Debug|Any CPU.ActiveCfg = Debug|Any CPU
		{62993B32-A3E1-432C-9BF7-0E0AF5EA14D8}.Debug|Any CPU.Build.0 = Debug|Any CPU
		{62993B32-A3E1-432C-9BF7-0E0AF5EA14D8}.Release|Any CPU.ActiveCfg = Release|Any CPU
		{62993B32-A3E1-432C-9BF7-0E0AF5EA14D8}.Release|Any CPU.Build.0 = Release|Any CPU
		{EF73C902-84D7-4DB6-9317-205E3F096419}.Debug|Any CPU.ActiveCfg = Debug|Any CPU
		{EF73C902-84D7-4DB6-9317-205E3F096419}.Debug|Any CPU.Build.0 = Debug|Any CPU
		{EF73C902-84D7-4DB6-9317-205E3F096419}.Release|Any CPU.ActiveCfg = Release|Any CPU
		{EF73C902-84D7-4DB6-9317-205E3F096419}.Release|Any CPU.Build.0 = Release|Any CPU
	EndGlobalSection
	GlobalSection(SolutionProperties) = preSolution
		HideSolutionNode = FALSE
	EndGlobalSection
	GlobalSection(ExtensibilityGlobals) = postSolution
		SolutionGuid = {2807FB2E-F0C0-4239-9B06-B97357A28ECE}
	EndGlobalSection
EndGlobal
